
Microsoft Visual Studio Solution File, Format Version 12.00
# Visual Studio 2017
Project("{FAE04EC0-301F-11D3-BF4B-00C04F79EFBC}") = "Explore Plovidv", "Explore Plovidv.csproj", "{2E2444FE-12F8-FBCF-4143-649BCDDCD83D}"
EndProject
Project("{FAE04EC0-301F-11D3-BF4B-00C04F79EFBC}") = "Explore Plovidv.Editor", "Explore Plovidv.Editor.csproj", "{F1668C7D-35F2-BBBB-BC7B-D0E75BF678D4}"
EndProject
Global
	GlobalSection(SolutionConfigurationPlatforms) = preSolution
		Debug|Any CPU = Debug|Any CPU
		Release|Any CPU = Release|Any CPU
	EndGlobalSection
	GlobalSection(ProjectConfigurationPlatforms) = postSolution
		{2E2444FE-12F8-FBCF-4143-649BCDDCD83D}.Debug|Any CPU.ActiveCfg = Debug|Any CPU
		{2E2444FE-12F8-FBCF-4143-649BCDDCD83D}.Debug|Any CPU.Build.0 = Debug|Any CPU
		{2E2444FE-12F8-FBCF-4143-649BCDDCD83D}.Release|Any CPU.ActiveCfg = Release|Any CPU
		{2E2444FE-12F8-FBCF-4143-649BCDDCD83D}.Release|Any CPU.Build.0 = Release|Any CPU
		{F1668C7D-35F2-BBBB-BC7B-D0E75BF678D4}.Debug|Any CPU.ActiveCfg = Debug|Any CPU
		{F1668C7D-35F2-BBBB-BC7B-D0E75BF678D4}.Debug|Any CPU.Build.0 = Debug|Any CPU
		{F1668C7D-35F2-BBBB-BC7B-D0E75BF678D4}.Release|Any CPU.ActiveCfg = Release|Any CPU
		{F1668C7D-35F2-BBBB-BC7B-D0E75BF678D4}.Release|Any CPU.Build.0 = Release|Any CPU
	EndGlobalSection
	GlobalSection(SolutionProperties) = preSolution
		HideSolutionNode = FALSE
	EndGlobalSection
EndGlobal
